
Microsoft Visual Studio Solution File, Format Version 10.00
# Visual Studio 2008
Project("{FAE04EC0-301F-11D3-BF4B-00C04F79EFBC}") = "SocketServers", "SocketServer\SocketServers.csproj", "{972538DE-E785-484D-8FC6-A5748817833D}"
EndProject
Project("{FAE04EC0-301F-11D3-BF4B-00C04F79EFBC}") = "EchoServer", "EchoServer\EchoServer.csproj", "{CE917079-F424-4EA4-ACEF-DC4D87D4C96D}"
EndProject
Project("{FAE04EC0-301F-11D3-BF4B-00C04F79EFBC}") = "EchoClient", "EchoClient\EchoClient.csproj", "{7B3C5AA1-1D75-4A1C-9E38-A0D97A2A29E6}"
EndProject
Project("{FAE04EC0-301F-11D3-BF4B-00C04F79EFBC}") = "BufferPoolTest", "BufferPoolTest\BufferPoolTest.csproj", "{81BAAF09-59C4-4BA1-B29B-7718FC3B6AFA}"
EndProject
Global
	GlobalSection(SolutionConfigurationPlatforms) = preSolution
		Debug|Any CPU = Debug|Any CPU
		Release|Any CPU = Release|Any CPU
	EndGlobalSection
	GlobalSection(ProjectConfigurationPlatforms) = postSolution
		{972538DE-E785-484D-8FC6-A5748817833D}.Debug|Any CPU.ActiveCfg = Debug|Any CPU
		{972538DE-E785-484D-8FC6-A5748817833D}.Debug|Any CPU.Build.0 = Debug|Any CPU
		{972538DE-E785-484D-8FC6-A5748817833D}.Release|Any CPU.ActiveCfg = Release|Any CPU
		{972538DE-E785-484D-8FC6-A5748817833D}.Release|Any CPU.Build.0 = Release|Any CPU
		{CE917079-F424-4EA4-ACEF-DC4D87D4C96D}.Debug|Any CPU.ActiveCfg = Debug|Any CPU
		{CE917079-F424-4EA4-ACEF-DC4D87D4C96D}.Debug|Any CPU.Build.0 = Debug|Any CPU
		{CE917079-F424-4EA4-ACEF-DC4D87D4C96D}.Release|Any CPU.ActiveCfg = Release|Any CPU
		{CE917079-F424-4EA4-ACEF-DC4D87D4C96D}.Release|Any CPU.Build.0 = Release|Any CPU
		{7B3C5AA1-1D75-4A1C-9E38-A0D97A2A29E6}.Debug|Any CPU.ActiveCfg = Debug|Any CPU
		{7B3C5AA1-1D75-4A1C-9E38-A0D97A2A29E6}.Debug|Any CPU.Build.0 = Debug|Any CPU
		{7B3C5AA1-1D75-4A1C-9E38-A0D97A2A29E6}.Release|Any CPU.ActiveCfg = Release|Any CPU
		{7B3C5AA1-1D75-4A1C-9E38-A0D97A2A29E6}.Release|Any CPU.Build.0 = Release|Any CPU
		{81BAAF09-59C4-4BA1-B29B-7718FC3B6AFA}.Debug|Any CPU.ActiveCfg = Debug|Any CPU
		{81BAAF09-59C4-4BA1-B29B-7718FC3B6AFA}.Debug|Any CPU.Build.0 = Debug|Any CPU
		{81BAAF09-59C4-4BA1-B29B-7718FC3B6AFA}.Release|Any CPU.ActiveCfg = Release|Any CPU
		{81BAAF09-59C4-4BA1-B29B-7718FC3B6AFA}.Release|Any CPU.Build.0 = Release|Any CPU
	EndGlobalSection
	GlobalSection(SolutionProperties) = preSolution
		HideSolutionNode = FALSE
	EndGlobalSection
EndGlobal
